
Microsoft Visual Studio Solution File, Format Version 12.00
# Visual Studio 15
VisualStudioVersion = 15.0.26730.3
MinimumVisualStudioVersion = 10.0.40219.1
Project("{9A19103F-16F7-4668-BE54-9A1E7A4F7556}") = "ConsoleApp1", "ConsoleApp1\ConsoleApp1.csproj", "{2026DC0D-C58A-4C75-B1C9-08CF32CAFFD8}"
EndProject
Project("{FAE04EC0-301F-11D3-BF4B-00C04F79EFBC}") = "Employee", "Employee\Employee.csproj", "{8FA0703C-78C0-47DD-A2FD-FD2B795706AD}"
EndProject
Project("{FAE04EC0-301F-11D3-BF4B-00C04F79EFBC}") = "Assignemnet2", "Assignemnet2\Assignemnet2.csproj", "{5FB1FC91-9FF7-492C-8B21-B238827EDA0E}"
EndProject
Project("{FAE04EC0-301F-11D3-BF4B-00C04F79EFBC}") = "OvL2", "OvL2\OvL2.csproj", "{1F5656E6-3482-483E-9D88-00E306FE9BCD}"
EndProject
Project("{FAE04EC0-301F-11D3-BF4B-00C04F79EFBC}") = "TempCon", "TempCon\TempCon.csproj", "{F305A706-9764-49A3-B9D7-ED353412DCC2}"
EndProject
Project("{FAE04EC0-301F-11D3-BF4B-00C04F79EFBC}") = "StatConPrac", "StatConPrac\StatConPrac.csproj", "{31E61471-EC63-4A5B-86B5-D097BA06FE7F}"
EndProject
Project("{FAE04EC0-301F-11D3-BF4B-00C04F79EFBC}") = "Wk5Exceptions", "Wk5Exceptions\Wk5Exceptions.csproj", "{4E2A0D80-82D7-41B2-A70B-169BEA27D584}"
EndProject
Project("{FAE04EC0-301F-11D3-BF4B-00C04F79EFBC}") = "XX_CentStudent", "XX_CentStudent\XX_CentStudent.csproj", "{2993672C-60DF-429E-AEFB-EAAEAAB36AC6}"
EndProject
Project("{FAE04EC0-301F-11D3-BF4B-00C04F79EFBC}") = "SunFile1", "SunFile1\SunFile1.csproj", "{0F990730-D24D-4BB7-A118-01D52CB6ED47}"
EndProject
Project("{FAE04EC0-301F-11D3-BF4B-00C04F79EFBC}") = "ReadSunday", "ReadSunday\ReadSunday.csproj", "{4F3D6517-FC8B-4287-A267-9A71E5AE41CD}"
EndProject
Project("{FAE04EC0-301F-11D3-BF4B-00C04F79EFBC}") = "SundayWriteObj", "SundayWriteObj\SundayWriteObj.csproj", "{FEE2B246-E1F5-4E4C-855A-C4705205A4BF}"
EndProject
Project("{FAE04EC0-301F-11D3-BF4B-00C04F79EFBC}") = "ReadSundayObj", "ReadSundayObj\ReadSundayObj.csproj", "{D589483D-93C8-40EA-ABA2-9247210604B0}"
EndProject
Global
	GlobalSection(SolutionConfigurationPlatforms) = preSolution
		Debug|Any CPU = Debug|Any CPU
		Release|Any CPU = Release|Any CPU
	EndGlobalSection
	GlobalSection(ProjectConfigurationPlatforms) = postSolution
		{2026DC0D-C58A-4C75-B1C9-08CF32CAFFD8}.Debug|Any CPU.ActiveCfg = Debug|Any CPU
		{2026DC0D-C58A-4C75-B1C9-08CF32CAFFD8}.Debug|Any CPU.Build.0 = Debug|Any CPU
		{2026DC0D-C58A-4C75-B1C9-08CF32CAFFD8}.Release|Any CPU.ActiveCfg = Release|Any CPU
		{2026DC0D-C58A-4C75-B1C9-08CF32CAFFD8}.Release|Any CPU.Build.0 = Release|Any CPU
		{8FA0703C-78C0-47DD-A2FD-FD2B795706AD}.Debug|Any CPU.ActiveCfg = Debug|Any CPU
		{8FA0703C-78C0-47DD-A2FD-FD2B795706AD}.Debug|Any CPU.Build.0 = Debug|Any CPU
		{8FA0703C-78C0-47DD-A2FD-FD2B795706AD}.Release|Any CPU.ActiveCfg = Release|Any CPU
		{8FA0703C-78C0-47DD-A2FD-FD2B795706AD}.Release|Any CPU.Build.0 = Release|Any CPU
		{5FB1FC91-9FF7-492C-8B21-B238827EDA0E}.Debug|Any CPU.ActiveCfg = Debug|Any CPU
		{5FB1FC91-9FF7-492C-8B21-B238827EDA0E}.Debug|Any CPU.Build.0 = Debug|Any CPU
		{5FB1FC91-9FF7-492C-8B21-B238827EDA0E}.Release|Any CPU.ActiveCfg = Release|Any CPU
		{5FB1FC91-9FF7-492C-8B21-B238827EDA0E}.Release|Any CPU.Build.0 = Release|Any CPU
		{1F5656E6-3482-483E-9D88-00E306FE9BCD}.Debug|Any CPU.ActiveCfg = Debug|Any CPU
		{1F5656E6-3482-483E-9D88-00E306FE9BCD}.Debug|Any CPU.Build.0 = Debug|Any CPU
		{1F5656E6-3482-483E-9D88-00E306FE9BCD}.Release|Any CPU.ActiveCfg = Release|Any CPU
		{1F5656E6-3482-483E-9D88-00E306FE9BCD}.Release|Any CPU.Build.0 = Release|Any CPU
		{F305A706-9764-49A3-B9D7-ED353412DCC2}.Debug|Any CPU.ActiveCfg = Debug|Any CPU
		{F305A706-9764-49A3-B9D7-ED353412DCC2}.Debug|Any CPU.Build.0 = Debug|Any CPU
		{F305A706-9764-49A3-B9D7-ED353412DCC2}.Release|Any CPU.ActiveCfg = Release|Any CPU
		{F305A706-9764-49A3-B9D7-ED353412DCC2}.Release|Any CPU.Build.0 = Release|Any CPU
		{31E61471-EC63-4A5B-86B5-D097BA06FE7F}.Debug|Any CPU.ActiveCfg = Debug|Any CPU
		{31E61471-EC63-4A5B-86B5-D097BA06FE7F}.Debug|Any CPU.Build.0 = Debug|Any CPU
		{31E61471-EC63-4A5B-86B5-D097BA06FE7F}.Release|Any CPU.ActiveCfg = Release|Any CPU
		{31E61471-EC63-4A5B-86B5-D097BA06FE7F}.Release|Any CPU.Build.0 = Release|Any CPU
		{4E2A0D80-82D7-41B2-A70B-169BEA27D584}.Debug|Any CPU.ActiveCfg = Debug|Any CPU
		{4E2A0D80-82D7-41B2-A70B-169BEA27D584}.Debug|Any CPU.Build.0 = Debug|Any CPU
		{4E2A0D80-82D7-41B2-A70B-169BEA27D584}.Release|Any CPU.ActiveCfg = Release|Any CPU
		{4E2A0D80-82D7-41B2-A70B-169BEA27D584}.Release|Any CPU.Build.0 = Release|Any CPU
		{2993672C-60DF-429E-AEFB-EAAEAAB36AC6}.Debug|Any CPU.ActiveCfg = Debug|Any CPU
		{2993672C-60DF-429E-AEFB-EAAEAAB36AC6}.Debug|Any CPU.Build.0 = Debug|Any CPU
		{2993672C-60DF-429E-AEFB-EAAEAAB36AC6}.Release|Any CPU.ActiveCfg = Release|Any CPU
		{2993672C-60DF-429E-AEFB-EAAEAAB36AC6}.Release|Any CPU.Build.0 = Release|Any CPU
		{0F990730-D24D-4BB7-A118-01D52CB6ED47}.Debug|Any CPU.ActiveCfg = Debug|Any CPU
		{0F990730-D24D-4BB7-A118-01D52CB6ED47}.Debug|Any CPU.Build.0 = Debug|Any CPU
		{0F990730-D24D-4BB7-A118-01D52CB6ED47}.Release|Any CPU.ActiveCfg = Release|Any CPU
		{0F990730-D24D-4BB7-A118-01D52CB6ED47}.Release|Any CPU.Build.0 = Release|Any CPU
		{4F3D6517-FC8B-4287-A267-9A71E5AE41CD}.Debug|Any CPU.ActiveCfg = Debug|Any CPU
		{4F3D6517-FC8B-4287-A267-9A71E5AE41CD}.Debug|Any CPU.Build.0 = Debug|Any CPU
		{4F3D6517-FC8B-4287-A267-9A71E5AE41CD}.Release|Any CPU.ActiveCfg = Release|Any CPU
		{4F3D6517-FC8B-4287-A267-9A71E5AE41CD}.Release|Any CPU.Build.0 = Release|Any CPU
		{FEE2B246-E1F5-4E4C-855A-C4705205A4BF}.Debug|Any CPU.ActiveCfg = Debug|Any CPU
		{FEE2B246-E1F5-4E4C-855A-C4705205A4BF}.Debug|Any CPU.Build.0 = Debug|Any CPU
		{FEE2B246-E1F5-4E4C-855A-C4705205A4BF}.Release|Any CPU.ActiveCfg = Release|Any CPU
		{FEE2B246-E1F5-4E4C-855A-C4705205A4BF}.Release|Any CPU.Build.0 = Release|Any CPU
		{D589483D-93C8-40EA-ABA2-9247210604B0}.Debug|Any CPU.ActiveCfg = Debug|Any CPU
		{D589483D-93C8-40EA-ABA2-9247210604B0}.Debug|Any CPU.Build.0 = Debug|Any CPU
		{D589483D-93C8-40EA-ABA2-9247210604B0}.Release|Any CPU.ActiveCfg = Release|Any CPU
		{D589483D-93C8-40EA-ABA2-9247210604B0}.Release|Any CPU.Build.0 = Release|Any CPU
	EndGlobalSection
	GlobalSection(SolutionProperties) = preSolution
		HideSolutionNode = FALSE
	EndGlobalSection
	GlobalSection(ExtensibilityGlobals) = postSolution
		SolutionGuid = {EC54E074-3652-4875-89EB-30C503F0492D}
	EndGlobalSection
EndGlobal
